Microsoft Visual Studio Solution File, Format Version 12.00
# Visual Studio Version 17
VisualStudioVersion = 17.5.2.0
MinimumVisualStudioVersion = 10.0.40219.1
Project("{2150E333-8FDC-42A3-9474-1A3956D46DE8}") = "sistema-tarefas", "sistema-tarefas", "{4890CFE2-61D6-DE1C-5C73-FC860265711A}"
EndProject
Project("{2150E333-8FDC-42A3-9474-1A3956D46DE8}") = "sistema-tarefas-api", "sistema-tarefas-api", "{2E289DBF-4355-7D5B-D225-A9BF4746D76D}"
EndProject
Project("{FAE04EC0-301F-11D3-BF4B-00C04F79EFBC}") = "TarefasApi", "sistema-tarefas\sistema-tarefas-api\TarefasApi\TarefasApi.csproj", "{4C5AC51B-73B7-4539-1C75-07D686C21687}"
EndProject
Global
	GlobalSection(SolutionConfigurationPlatforms) = preSolution
		Debug|Any CPU = Debug|Any CPU
		Release|Any CPU = Release|Any CPU
	EndGlobalSection
	GlobalSection(ProjectConfigurationPlatforms) = postSolution
		{4C5AC51B-73B7-4539-1C75-07D686C21687}.Debug|Any CPU.ActiveCfg = Debug|Any CPU
		{4C5AC51B-73B7-4539-1C75-07D686C21687}.Debug|Any CPU.Build.0 = Debug|Any CPU
		{4C5AC51B-73B7-4539-1C75-07D686C21687}.Release|Any CPU.ActiveCfg = Release|Any CPU
		{4C5AC51B-73B7-4539-1C75-07D686C21687}.Release|Any CPU.Build.0 = Release|Any CPU
	EndGlobalSection
	GlobalSection(SolutionProperties) = preSolution
		HideSolutionNode = FALSE
	EndGlobalSection
	GlobalSection(NestedProjects) = preSolution
		{2E289DBF-4355-7D5B-D225-A9BF4746D76D} = {4890CFE2-61D6-DE1C-5C73-FC860265711A}
		{4C5AC51B-73B7-4539-1C75-07D686C21687} = {2E289DBF-4355-7D5B-D225-A9BF4746D76D}
	EndGlobalSection
	GlobalSection(ExtensibilityGlobals) = postSolution
		SolutionGuid = {DD4B25CD-1556-4640-B408-4A4F8427F0A1}
	EndGlobalSection
EndGlobal
